
Microsoft Visual Studio Solution File, Format Version 12.00
# Visual Studio Version 17
VisualStudioVersion = 17.5.33516.290
MinimumVisualStudioVersion = 10.0.40219.1
Project("{2150E333-8FDC-42A3-9474-1A3956D46DE8}") = "Api", "Api", "{866471E7-002A-4D07-8325-1FC20F088DC1}"
EndProject
Project("{2150E333-8FDC-42A3-9474-1A3956D46DE8}") = "Core", "Core", "{F60D8917-45AE-4502-AAA8-7CCD053FF50E}"
EndProject
Project("{9A19103F-16F7-4668-BE54-9A1E7A4F7556}") = "SportSync.Domain", "src\SportSync.Domain\SportSync.Domain.csproj", "{7CB64A3F-6EEE-4FB7-8850-731AC05882FD}"
EndProject
Project("{9A19103F-16F7-4668-BE54-9A1E7A4F7556}") = "SportSync.Application", "src\SportSync.Application\SportSync.Application.csproj", "{19EC0EC3-A088-4003-B2D2-4BC2AE58D65C}"
EndProject
Project("{9A19103F-16F7-4668-BE54-9A1E7A4F7556}") = "SportSync.Infrastructure", "src\SportSync.Infrastructure\SportSync.Infrastructure.csproj", "{6598D93F-94BF-41B1-B797-FABB3B9E2D6E}"
EndProject
Project("{9A19103F-16F7-4668-BE54-9A1E7A4F7556}") = "SportSync.Persistence", "src\SportSync.Persistence\SportSync.Persistence.csproj", "{EB9D3CC0-882E-449E-BC41-2AA5EA5F0F46}"
EndProject
Project("{9A19103F-16F7-4668-BE54-9A1E7A4F7556}") = "SportSync.Api", "src\SportSync.Api\SportSync.Api.csproj", "{90BE1F12-EC36-4E75-B8B3-53BBBFDD8489}"
EndProject
Project("{2150E333-8FDC-42A3-9474-1A3956D46DE8}") = "Tests", "Tests", "{0C71D45B-A21E-43D8-A31F-C9E45A674461}"
EndProject
Project("{FAE04EC0-301F-11D3-BF4B-00C04F79EFBC}") = "SportSync.Api.Tests", "tests\SportSync.Api.Tests\SportSync.Api.Tests.csproj", "{B5BE1131-B920-4BAA-A8FB-AC485FA24EA0}"
EndProject
Global
	GlobalSection(SolutionConfigurationPlatforms) = preSolution
		Debug|Any CPU = Debug|Any CPU
		Release|Any CPU = Release|Any CPU
	EndGlobalSection
	GlobalSection(ProjectConfigurationPlatforms) = postSolution
		{7CB64A3F-6EEE-4FB7-8850-731AC05882FD}.Debug|Any CPU.ActiveCfg = Debug|Any CPU
		{7CB64A3F-6EEE-4FB7-8850-731AC05882FD}.Debug|Any CPU.Build.0 = Debug|Any CPU
		{7CB64A3F-6EEE-4FB7-8850-731AC05882FD}.Release|Any CPU.ActiveCfg = Release|Any CPU
		{7CB64A3F-6EEE-4FB7-8850-731AC05882FD}.Release|Any CPU.Build.0 = Release|Any CPU
		{19EC0EC3-A088-4003-B2D2-4BC2AE58D65C}.Debug|Any CPU.ActiveCfg = Debug|Any CPU
		{19EC0EC3-A088-4003-B2D2-4BC2AE58D65C}.Debug|Any CPU.Build.0 = Debug|Any CPU
		{19EC0EC3-A088-4003-B2D2-4BC2AE58D65C}.Release|Any CPU.ActiveCfg = Release|Any CPU
		{19EC0EC3-A088-4003-B2D2-4BC2AE58D65C}.Release|Any CPU.Build.0 = Release|Any CPU
		{6598D93F-94BF-41B1-B797-FABB3B9E2D6E}.Debug|Any CPU.ActiveCfg = Debug|Any CPU
		{6598D93F-94BF-41B1-B797-FABB3B9E2D6E}.Debug|Any CPU.Build.0 = Debug|Any CPU
		{6598D93F-94BF-41B1-B797-FABB3B9E2D6E}.Release|Any CPU.ActiveCfg = Release|Any CPU
		{6598D93F-94BF-41B1-B797-FABB3B9E2D6E}.Release|Any CPU.Build.0 = Release|Any CPU
		{EB9D3CC0-882E-449E-BC41-2AA5EA5F0F46}.Debug|Any CPU.ActiveCfg = Debug|Any CPU
		{EB9D3CC0-882E-449E-BC41-2AA5EA5F0F46}.Debug|Any CPU.Build.0 = Debug|Any CPU
		{EB9D3CC0-882E-449E-BC41-2AA5EA5F0F46}.Release|Any CPU.ActiveCfg = Release|Any CPU
		{EB9D3CC0-882E-449E-BC41-2AA5EA5F0F46}.Release|Any CPU.Build.0 = Release|Any CPU
		{90BE1F12-EC36-4E75-B8B3-53BBBFDD8489}.Debug|Any CPU.ActiveCfg = Debug|Any CPU
		{90BE1F12-EC36-4E75-B8B3-53BBBFDD8489}.Debug|Any CPU.Build.0 = Debug|Any CPU
		{90BE1F12-EC36-4E75-B8B3-53BBBFDD8489}.Release|Any CPU.ActiveCfg = Release|Any CPU
		{90BE1F12-EC36-4E75-B8B3-53BBBFDD8489}.Release|Any CPU.Build.0 = Release|Any CPU
		{B5BE1131-B920-4BAA-A8FB-AC485FA24EA0}.Debug|Any CPU.ActiveCfg = Debug|Any CPU
		{B5BE1131-B920-4BAA-A8FB-AC485FA24EA0}.Debug|Any CPU.Build.0 = Debug|Any CPU
		{B5BE1131-B920-4BAA-A8FB-AC485FA24EA0}.Release|Any CPU.ActiveCfg = Release|Any CPU
		{B5BE1131-B920-4BAA-A8FB-AC485FA24EA0}.Release|Any CPU.Build.0 = Release|Any CPU
	EndGlobalSection
	GlobalSection(SolutionProperties) = preSolution
		HideSolutionNode = FALSE
	EndGlobalSection
	GlobalSection(NestedProjects) = preSolution
		{7CB64A3F-6EEE-4FB7-8850-731AC05882FD} = {F60D8917-45AE-4502-AAA8-7CCD053FF50E}
		{19EC0EC3-A088-4003-B2D2-4BC2AE58D65C} = {F60D8917-45AE-4502-AAA8-7CCD053FF50E}
		{6598D93F-94BF-41B1-B797-FABB3B9E2D6E} = {F60D8917-45AE-4502-AAA8-7CCD053FF50E}
		{EB9D3CC0-882E-449E-BC41-2AA5EA5F0F46} = {F60D8917-45AE-4502-AAA8-7CCD053FF50E}
		{90BE1F12-EC36-4E75-B8B3-53BBBFDD8489} = {866471E7-002A-4D07-8325-1FC20F088DC1}
		{B5BE1131-B920-4BAA-A8FB-AC485FA24EA0} = {0C71D45B-A21E-43D8-A31F-C9E45A674461}
	EndGlobalSection
	GlobalSection(ExtensibilityGlobals) = postSolution
		SolutionGuid = {74095827-AB1F-421E-918A-8A9B4F4629AF}
	EndGlobalSection
EndGlobal
